# DO NOT EDIT MANUALLY - Managed by Fern Replay
version: "1.0"
generations:
  - commit_sha: e75d4e18db6ae8f4ece4d59edce713e3274311ca
    tree_hash: 3f49f52866c988d65b4733d3b9bfb09962c56346
    timestamp: 2026-06-08T17:54:03.888Z
    cli_version: unknown
    generator_versions: {}
  - commit_sha: 88b2bf7027d182c509ad72f0f91c3f6eff56bea2
    tree_hash: 68d7ce7cac871a11c5f9de10ec9ad0ad46ed6af0
    timestamp: 2026-07-10T20:45:07.185Z
    cli_version: unknown
    generator_versions:
      fernapi/fern-python-sdk: 4.64.1
  - commit_sha: e8dc40e0fec75ebebd1556a16c86614c276f9ac9
    tree_hash: 5db968874fc510c78a89c4c0952d959da49fa679
    timestamp: 2026-07-22T04:34:30.675Z
    cli_version: unknown
    generator_versions:
      fernapi/fern-python-sdk: 4.64.1
  - commit_sha: 0e0adcf87ce69c79c126913a6dce6a3f29f9fcc4
    tree_hash: 3f2aa0bbef758ace6561f7e0725bb3cf6dbd4941
    timestamp: 2026-08-05T06:31:43.040Z
    cli_version: unknown
    generator_versions:
      fernapi/fern-python-sdk: 4.64.1
  - commit_sha: d4fdef85dce61ea6502410d45f0e6109ca072a07
    tree_hash: 62e9a40293c14d088a06f2de28fa4fe0271e68e2
    timestamp: 2026-08-06T21:10:15.622Z
    cli_version: unknown
    generator_versions:
      fernapi/fern-python-sdk: 4.64.1
current_generation: d4fdef85dce61ea6502410d45f0e6109ca072a07
patches: []
dismissals:
  - patch_id: patch-3c0d5026
    original_commit: 3c0d5026411a2c8fd40a5e73e0c128cf49eec099
    original_message: Reconnect on 1012 / 1001-restarting, not just 1006 (PHO-2278) (#161)
    content_hashes:
      - sha256:92750974390b844ceaa1dad583bc82b62e865cd24eaea3a93a687ca27927da9c
    dismissed_at: 2026-08-05T06:37:25.016Z
    via: forget
forgotten_hashes:
  - sha256:92750974390b844ceaa1dad583bc82b62e865cd24eaea3a93a687ca27927da9c
